// !$*UTF8*$!
{
	archiveVersion = 1;
	classes = {
	};
	objectVersion = 46;
	objects = {

/* Begin PBXBuildFile section */
		842FC9381D7974B900A0C3A4 /* SKTag.m in Sources */ = {isa = PBXBuildFile; fileRef = 842FC9331D7974B900A0C3A4 /* SKTag.m */; };
		842FC9391D7974B900A0C3A4 /* SKTagButton.m in Sources */ = {isa = PBXBuildFile; fileRef = 842FC9351D7974B900A0C3A4 /* SKTagButton.m */; };
		842FC93A1D7974B900A0C3A4 /* SKTagView.m in Sources */ = {isa = PBXBuildFile; fileRef = 842FC9371D7974B900A0C3A4 /* SKTagView.m */; };
		847073EB1D756D7F00D6F90B /* main.m in Sources */ = {isa = PBXBuildFile; fileRef = 847073EA1D756D7F00D6F90B /* main.m */; };
		847073F41D756D7F00D6F90B /* Main.storyboard in Resources */ = {isa = PBXBuildFile; fileRef = 847073F21D756D7F00D6F90B /* Main.storyboard */; };
		847073F61D756D7F00D6F90B /* Assets.xcassets in Resources */ = {isa = PBXBuildFile; fileRef = 847073F51D756D7F00D6F90B /* Assets.xcassets */; };
		847073F91D756D7F00D6F90B /* LaunchScreen.storyboard in Resources */ = {isa = PBXBuildFile; fileRef = 847073F71D756D7F00D6F90B /* LaunchScreen.storyboard */; };
		847074041D756D7F00D6F90B /* SearchControllerDemoTests.m in Sources */ = {isa = PBXBuildFile; fileRef = 847074031D756D7F00D6F90B /* SearchControllerDemoTests.m */; };
		8470740F1D756D7F00D6F90B /* SearchControllerDemoUITests.m in Sources */ = {isa = PBXBuildFile; fileRef = 8470740E1D756D7F00D6F90B /* SearchControllerDemoUITests.m */; };
		848FDFC01D767329005EB2A4 /* SearchDetailViewController.m in Sources */ = {isa = PBXBuildFile; fileRef = 848FDFBC1D767329005EB2A4 /* SearchDetailViewController.m */; };
		848FDFC11D767329005EB2A4 /* SearchDetailViewController.xib in Resources */ = {isa = PBXBuildFile; fileRef = 848FDFBD1D767329005EB2A4 /* SearchDetailViewController.xib */; };
		848FDFC21D767329005EB2A4 /* SearchViewController.m in Sources */ = {isa = PBXBuildFile; fileRef = 848FDFBF1D767329005EB2A4 /* SearchViewController.m */; };
		848FDFC51D767336005EB2A4 /* AppDelegate.m in Sources */ = {isa = PBXBuildFile; fileRef = 848FDFC41D767336005EB2A4 /* AppDelegate.m */; };
		848FDFD31D76736D005EB2A4 /* SearchDetailView.m in Sources */ = {isa = PBXBuildFile; fileRef = 848FDFC81D76736D005EB2A4 /* SearchDetailView.m */; };
		848FDFD41D76736D005EB2A4 /* SearchDetailView.xib in Resources */ = {isa = PBXBuildFile; fileRef = 848FDFC91D76736D005EB2A4 /* SearchDetailView.xib */; };
		848FDFD51D76736D005EB2A4 /* SearchResultTableViewCell.m in Sources */ = {isa = PBXBuildFile; fileRef = 848FDFCB1D76736D005EB2A4 /* SearchResultTableViewCell.m */; };
		848FDFD61D76736D005EB2A4 /* SearchResultTableViewCell.xib in Resources */ = {isa = PBXBuildFile; fileRef = 848FDFCC1D76736D005EB2A4 /* SearchResultTableViewCell.xib */; };
		848FDFD71D76736D005EB2A4 /* SearchTagTableViewCell.m in Sources */ = {isa = PBXBuildFile; fileRef = 848FDFCE1D76736D005EB2A4 /* SearchTagTableViewCell.m */; };
		848FDFD81D76736D005EB2A4 /* SearchTagTableViewCell.xib in Resources */ = {isa = PBXBuildFile; fileRef = 848FDFCF1D76736D005EB2A4 /* SearchTagTableViewCell.xib */; };
		848FDFD91D76736D005EB2A4 /* SearchView.m in Sources */ = {isa = PBXBuildFile; fileRef = 848FDFD11D76736D005EB2A4 /* SearchView.m */; };
		848FDFDA1D76736D005EB2A4 /* SearchView.xib in Resources */ = {isa = PBXBuildFile; fileRef = 848FDFD21D76736D005EB2A4 /* SearchView.xib */; };
		848FDFDD1D76796D005EB2A4 /* SearchTagHeadView.m in Sources */ = {isa = PBXBuildFile; fileRef = 848FDFDC1D76796D005EB2A4 /* SearchTagHeadView.m */; };
		848FDFDF1D76797D005EB2A4 /* SearchTagHeadView.xib in Resources */ = {isa = PBXBuildFile; fileRef = 848FDFDE1D76797D005EB2A4 /* SearchTagHeadView.xib */; };
/* End PBXBuildFile section */

/* Begin PBXContainerItemProxy section */
		847074001D756D7F00D6F90B /* PBXContainerItemProxy */ = {
			isa = PBXContainerItemProxy;
			containerPortal = 847073DE1D756D7F00D6F90B /* Project object */;
			proxyType = 1;
			remoteGlobalIDString = 847073E51D756D7F00D6F90B;
			remoteInfo = SearchControllerDemo;
		};
		8470740B1D756D7F00D6F90B /* PBXContainerItemProxy */ = {
			isa = PBXContainerItemProxy;
			containerPortal = 847073DE1D756D7F00D6F90B /* Project object */;
			proxyType = 1;
			remoteGlobalIDString = 847073E51D756D7F00D6F90B;
			remoteInfo = SearchControllerDemo;
		};
/* End PBXContainerItemProxy section */

/* Begin PBXFileReference section */
		842FC9321D7974B900A0C3A4 /* SKTag.h */ = {isa = PBXFileReference; fileEncoding = 4; lastKnownFileType = sourcecode.c.h; path = SKTag.h; sourceTree = "<group>"; };
		842FC9331D7974B900A0C3A4 /* SKTag.m */ = {isa = PBXFileReference; fileEncoding = 4; lastKnownFileType = sourcecode.c.objc; path = SKTag.m; sourceTree = "<group>"; };
		842FC9341D7974B900A0C3A4 /* SKTagButton.h */ = {isa = PBXFileReference; fileEncoding = 4; lastKnownFileType = sourcecode.c.h; path = SKTagButton.h; sourceTree = "<group>"; };
		842FC9351D7974B900A0C3A4 /* SKTagButton.m */ = {isa = PBXFileReference; fileEncoding = 4; lastKnownFileType = sourcecode.c.objc; path = SKTagButton.m; sourceTree = "<group>"; };
		842FC9361D7974B900A0C3A4 /* SKTagView.h */ = {isa = PBXFileReference; fileEncoding = 4; lastKnownFileType = sourcecode.c.h; path = SKTagView.h; sourceTree = "<group>"; };
		842FC9371D7974B900A0C3A4 /* SKTagView.m */ = {isa = PBXFileReference; fileEncoding = 4; lastKnownFileType = sourcecode.c.objc; path = SKTagView.m; sourceTree = "<group>"; };
		847073E61D756D7F00D6F90B /* SearchControllerDemo.app */ = {isa = PBXFileReference; explicitFileType = wrapper.application; includeInIndex = 0; path = SearchControllerDemo.app; sourceTree = BUILT_PRODUCTS_DIR; };
		847073EA1D756D7F00D6F90B /* main.m */ = {isa = PBXFileReference; lastKnownFileType = sourcecode.c.objc; path = main.m; sourceTree = "<group>"; };
		847073F31D756D7F00D6F90B /* Base */ = {isa = PBXFileReference; lastKnownFileType = file.storyboard; name = Base; path = Base.lproj/Main.storyboard; sourceTree = "<group>"; };
		847073F51D756D7F00D6F90B /* Assets.xcassets */ = {isa = PBXFileReference; lastKnownFileType = folder.assetcatalog; path = Assets.xcassets; sourceTree = "<group>"; };
		847073F81D756D7F00D6F90B /* Base */ = {isa = PBXFileReference; lastKnownFileType = file.storyboard; name = Base; path = Base.lproj/LaunchScreen.storyboard; sourceTree = "<group>"; };
		847073FA1D756D7F00D6F90B /* Info.plist */ = {isa = PBXFileReference; lastKnownFileType = text.plist.xml; path = Info.plist; sourceTree = "<group>"; };
		847073FF1D756D7F00D6F90B /* SearchControllerDemoTests.xctest */ = {isa = PBXFileReference; explicitFileType = wrapper.cfbundle; includeInIndex = 0; path = SearchControllerDemoTests.xctest; sourceTree = BUILT_PRODUCTS_DIR; };
		847074031D756D7F00D6F90B /* SearchControllerDemoTests.m */ = {isa = PBXFileReference; lastKnownFileType = sourcecode.c.objc; path = SearchControllerDemoTests.m; sourceTree = "<group>"; };
		847074051D756D7F00D6F90B /* Info.plist */ = {isa = PBXFileReference; lastKnownFileType = text.plist.xml; path = Info.plist; sourceTree = "<group>"; };
		8470740A1D756D7F00D6F90B /* SearchControllerDemoUITests.xctest */ = {isa = PBXFileReference; explicitFileType = wrapper.cfbundle; includeInIndex = 0; path = SearchControllerDemoUITests.xctest; sourceTree = BUILT_PRODUCTS_DIR; };
		8470740E1D756D7F00D6F90B /* SearchControllerDemoUITests.m */ = {isa = PBXFileReference; lastKnownFileType = sourcecode.c.objc; path = SearchControllerDemoUITests.m; sourceTree = "<group>"; };
		847074101D756D7F00D6F90B /* Info.plist */ = {isa = PBXFileReference; lastKnownFileType = text.plist.xml; path = Info.plist; sourceTree = "<group>"; };
		848FDFBB1D767329005EB2A4 /* SearchDetailViewController.h */ = {isa = PBXFileReference; fileEncoding = 4; lastKnownFileType = sourcecode.c.h; path = SearchDetailViewController.h; sourceTree = "<group>"; };
		848FDFBC1D767329005EB2A4 /* SearchDetailViewController.m */ = {isa = PBXFileReference; fileEncoding = 4; lastKnownFileType = sourcecode.c.objc; path = SearchDetailViewController.m; sourceTree = "<group>"; };
		848FDFBD1D767329005EB2A4 /* SearchDetailViewController.xib */ = {isa = PBXFileReference; fileEncoding = 4; lastKnownFileType = file.xib; path = SearchDetailViewController.xib; sourceTree = "<group>"; };
		848FDFBE1D767329005EB2A4 /* SearchViewController.h */ = {isa = PBXFileReference; fileEncoding = 4; lastKnownFileType = sourcecode.c.h; path = SearchViewController.h; sourceTree = "<group>"; };
		848FDFBF1D767329005EB2A4 /* SearchViewController.m */ = {isa = PBXFileReference; fileEncoding = 4; lastKnownFileType = sourcecode.c.objc; path = SearchViewController.m; sourceTree = "<group>"; };
		848FDFC31D767336005EB2A4 /* AppDelegate.h */ = {isa = PBXFileReference; fileEncoding = 4; lastKnownFileType = sourcecode.c.h; path = AppDelegate.h; sourceTree = "<group>"; };
		848FDFC41D767336005EB2A4 /* AppDelegate.m */ = {isa = PBXFileReference; fileEncoding = 4; lastKnownFileType = sourcecode.c.objc; path = AppDelegate.m; sourceTree = "<group>"; };
		848FDFC71D76736D005EB2A4 /* SearchDetailView.h */ = {isa = PBXFileReference; fileEncoding = 4; lastKnownFileType = sourcecode.c.h; path = SearchDetailView.h; sourceTree = "<group>"; };
		848FDFC81D76736D005EB2A4 /* SearchDetailView.m */ = {isa = PBXFileReference; fileEncoding = 4; lastKnownFileType = sourcecode.c.objc; path = SearchDetailView.m; sourceTree = "<group>"; };
		848FDFC91D76736D005EB2A4 /* SearchDetailView.xib */ = {isa = PBXFileReference; fileEncoding = 4; lastKnownFileType = file.xib; path = SearchDetailView.xib; sourceTree = "<group>"; };
		848FDFCA1D76736D005EB2A4 /* SearchResultTableViewCell.h */ = {isa = PBXFileReference; fileEncoding = 4; lastKnownFileType = sourcecode.c.h; path = SearchResultTableViewCell.h; sourceTree = "<group>"; };
		848FDFCB1D76736D005EB2A4 /* SearchResultTableViewCell.m */ = {isa = PBXFileReference; fileEncoding = 4; lastKnownFileType = sourcecode.c.objc; path = SearchResultTableViewCell.m; sourceTree = "<group>"; };
		848FDFCC1D76736D005EB2A4 /* SearchResultTableViewCell.xib */ = {isa = PBXFileReference; fileEncoding = 4; lastKnownFileType = file.xib; path = SearchResultTableViewCell.xib; sourceTree = "<group>"; };
		848FDFCD1D76736D005EB2A4 /* SearchTagTableViewCell.h */ = {isa = PBXFileReference; fileEncoding = 4; lastKnownFileType = sourcecode.c.h; path = SearchTagTableViewCell.h; sourceTree = "<group>"; };
		848FDFCE1D76736D005EB2A4 /* SearchTagTableViewCell.m */ = {isa = PBXFileReference; fileEncoding = 4; lastKnownFileType = sourcecode.c.objc; path = SearchTagTableViewCell.m; sourceTree = "<group>"; };
		848FDFCF1D76736D005EB2A4 /* SearchTagTableViewCell.xib */ = {isa = PBXFileReference; fileEncoding = 4; lastKnownFileType = file.xib; path = SearchTagTableViewCell.xib; sourceTree = "<group>"; };
		848FDFD01D76736D005EB2A4 /* SearchView.h */ = {isa = PBXFileReference; fileEncoding = 4; lastKnownFileType = sourcecode.c.h; path = SearchView.h; sourceTree = "<group>"; };
		848FDFD11D76736D005EB2A4 /* SearchView.m */ = {isa = PBXFileReference; fileEncoding = 4; lastKnownFileType = sourcecode.c.objc; path = SearchView.m; sourceTree = "<group>"; };
		848FDFD21D76736D005EB2A4 /* SearchView.xib */ = {isa = PBXFileReference; fileEncoding = 4; lastKnownFileType = file.xib; path = SearchView.xib; sourceTree = "<group>"; };
		848FDFDB1D76796D005EB2A4 /* SearchTagHeadView.h */ = {isa = PBXFileReference; fileEncoding = 4; lastKnownFileType = sourcecode.c.h; path = SearchTagHeadView.h; sourceTree = "<group>"; };
		848FDFDC1D76796D005EB2A4 /* SearchTagHeadView.m */ = {isa = PBXFileReference; fileEncoding = 4; lastKnownFileType = sourcecode.c.objc; path = SearchTagHeadView.m; sourceTree = "<group>"; };
		848FDFDE1D76797D005EB2A4 /* SearchTagHeadView.xib */ = {isa = PBXFileReference; fileEncoding = 4; lastKnownFileType = file.xib; path = SearchTagHeadView.xib; sourceTree = "<group>"; };
/* End PBXFileReference section */

/* Begin PBXFrameworksBuildPhase section */
		847073E31D756D7F00D6F90B /* Frameworks */ = {
			isa = PBXFrameworksBuildPhase;
			buildActionMask = 2147483647;
			files = (
			);
			runOnlyForDeploymentPostprocessing = 0;
		};
		847073FC1D756D7F00D6F90B /* Frameworks */ = {
			isa = PBXFrameworksBuildPhase;
			buildActionMask = 2147483647;
			files = (
			);
			runOnlyForDeploymentPostprocessing = 0;
		};
		847074071D756D7F00D6F90B /* Frameworks */ = {
			isa = PBXFrameworksBuildPhase;
			buildActionMask = 2147483647;
			files = (
			);
			runOnlyForDeploymentPostprocessing = 0;
		};
/* End PBXFrameworksBuildPhase section */

/* Begin PBXGroup section */
		842FC9311D7974A500A0C3A4 /* SKTagView */ = {
			isa = PBXGroup;
			children = (
				842FC9321D7974B900A0C3A4 /* SKTag.h */,
				842FC9331D7974B900A0C3A4 /* SKTag.m */,
				842FC9341D7974B900A0C3A4 /* SKTagButton.h */,
				842FC9351D7974B900A0C3A4 /* SKTagButton.m */,
				842FC9361D7974B900A0C3A4 /* SKTagView.h */,
				842FC9371D7974B900A0C3A4 /* SKTagView.m */,
			);
			path = SKTagView;
			sourceTree = "<group>";
		};
		847073DD1D756D7F00D6F90B = {
			isa = PBXGroup;
			children = (
				847073E81D756D7F00D6F90B /* SearchControllerDemo */,
				847074021D756D7F00D6F90B /* SearchControllerDemoTests */,
				8470740D1D756D7F00D6F90B /* SearchControllerDemoUITests */,
				847073E71D756D7F00D6F90B /* Products */,
			);
			sourceTree = "<group>";
		};
		847073E71D756D7F00D6F90B /* Products */ = {
			isa = PBXGroup;
			children = (
				847073E61D756D7F00D6F90B /* SearchControllerDemo.app */,
				847073FF1D756D7F00D6F90B /* SearchControllerDemoTests.xctest */,
				8470740A1D756D7F00D6F90B /* SearchControllerDemoUITests.xctest */,
			);
			name = Products;
			sourceTree = "<group>";
		};
		847073E81D756D7F00D6F90B /* SearchControllerDemo */ = {
			isa = PBXGroup;
			children = (
				848FDFBA1D7672F1005EB2A4 /* AppDelegate */,
				848FDFB91D7672D3005EB2A4 /* SearchController */,
				848FDFC61D767349005EB2A4 /* SearchView */,
				842FC9311D7974A500A0C3A4 /* SKTagView */,
				847073F51D756D7F00D6F90B /* Assets.xcassets */,
				847073F71D756D7F00D6F90B /* LaunchScreen.storyboard */,
				847073FA1D756D7F00D6F90B /* Info.plist */,
				847073E91D756D7F00D6F90B /* Supporting Files */,
			);
			path = SearchControllerDemo;
			sourceTree = "<group>";
		};
		847073E91D756D7F00D6F90B /* Supporting Files */ = {
			isa = PBXGroup;
			children = (
				847073EA1D756D7F00D6F90B /* main.m */,
			);
			name = "Supporting Files";
			sourceTree = "<group>";
		};
		847074021D756D7F00D6F90B /* SearchControllerDemoTests */ = {
			isa = PBXGroup;
			children = (
				847074031D756D7F00D6F90B /* SearchControllerDemoTests.m */,
				847074051D756D7F00D6F90B /* Info.plist */,
			);
			path = SearchControllerDemoTests;
			sourceTree = "<group>";
		};
		8470740D1D756D7F00D6F90B /* SearchControllerDemoUITests */ = {
			isa = PBXGroup;
			children = (
				8470740E1D756D7F00D6F90B /* SearchControllerDemoUITests.m */,
				847074101D756D7F00D6F90B /* Info.plist */,
			);
			path = SearchControllerDemoUITests;
			sourceTree = "<group>";
		};
		848FDFB91D7672D3005EB2A4 /* SearchController */ = {
			isa = PBXGroup;
			children = (
				848FDFBB1D767329005EB2A4 /* SearchDetailViewController.h */,
				848FDFBC1D767329005EB2A4 /* SearchDetailViewController.m */,
				848FDFBD1D767329005EB2A4 /* SearchDetailViewController.xib */,
				848FDFBE1D767329005EB2A4 /* SearchViewController.h */,
				848FDFBF1D767329005EB2A4 /* SearchViewController.m */,
				847073F21D756D7F00D6F90B /* Main.storyboard */,
			);
			path = SearchController;
			sourceTree = "<group>";
		};
		848FDFBA1D7672F1005EB2A4 /* AppDelegate */ = {
			isa = PBXGroup;
			children = (
				848FDFC31D767336005EB2A4 /* AppDelegate.h */,
				848FDFC41D767336005EB2A4 /* AppDelegate.m */,
			);
			path = AppDelegate;
			sourceTree = "<group>";
		};
		848FDFC61D767349005EB2A4 /* SearchView */ = {
			isa = PBXGroup;
			children = (
				848FDFC71D76736D005EB2A4 /* SearchDetailView.h */,
				848FDFC81D76736D005EB2A4 /* SearchDetailView.m */,
				848FDFC91D76736D005EB2A4 /* SearchDetailView.xib */,
				848FDFCA1D76736D005EB2A4 /* SearchResultTableViewCell.h */,
				848FDFCB1D76736D005EB2A4 /* SearchResultTableViewCell.m */,
				848FDFCC1D76736D005EB2A4 /* SearchResultTableViewCell.xib */,
				848FDFCD1D76736D005EB2A4 /* SearchTagTableViewCell.h */,
				848FDFCE1D76736D005EB2A4 /* SearchTagTableViewCell.m */,
				848FDFCF1D76736D005EB2A4 /* SearchTagTableViewCell.xib */,
				848FDFD01D76736D005EB2A4 /* SearchView.h */,
				848FDFD11D76736D005EB2A4 /* SearchView.m */,
				848FDFD21D76736D005EB2A4 /* SearchView.xib */,
				848FDFDB1D76796D005EB2A4 /* SearchTagHeadView.h */,
				848FDFDC1D76796D005EB2A4 /* SearchTagHeadView.m */,
				848FDFDE1D76797D005EB2A4 /* SearchTagHeadView.xib */,
			);
			path = SearchView;
			sourceTree = "<group>";
		};
/* End PBXGroup section */

/* Begin PBXNativeTarget section */
		847073E51D756D7F00D6F90B /* SearchControllerDemo */ = {
			isa = PBXNativeTarget;
			buildConfigurationList = 847074131D756D7F00D6F90B /* Build configuration list for PBXNativeTarget "SearchControllerDemo" */;
			buildPhases = (
				847073E21D756D7F00D6F90B /* Sources */,
				847073E31D756D7F00D6F90B /* Frameworks */,
				847073E41D756D7F00D6F90B /* Resources */,
			);
			buildRules = (
			);
			dependencies = (
			);
			name = SearchControllerDemo;
			productName = SearchControllerDemo;
			productReference = 847073E61D756D7F00D6F90B /* SearchControllerDemo.app */;
			productType = "com.apple.product-type.application";
		};
		847073FE1D756D7F00D6F90B /* SearchControllerDemoTests */ = {
			isa = PBXNativeTarget;
			buildConfigurationList = 847074161D756D7F00D6F90B /* Build configuration list for PBXNativeTarget "SearchControllerDemoTests" */;
			buildPhases = (
				847073FB1D756D7F00D6F90B /* Sources */,
				847073FC1D756D7F00D6F90B /* Frameworks */,
				847073FD1D756D7F00D6F90B /* Resources */,
			);
			buildRules = (
			);
			dependencies = (
				847074011D756D7F00D6F90B /* PBXTargetDependency */,
			);
			name = SearchControllerDemoTests;
			productName = SearchControllerDemoTests;
			productReference = 847073FF1D756D7F00D6F90B /* SearchControllerDemoTests.xctest */;
			productType = "com.apple.product-type.bundle.unit-test";
		};
		847074091D756D7F00D6F90B /* SearchControllerDemoUITests */ = {
			isa = PBXNativeTarget;
			buildConfigurationList = 847074191D756D7F00D6F90B /* Build configuration list for PBXNativeTarget "SearchControllerDemoUITests" */;
			buildPhases = (
				847074061D756D7F00D6F90B /* Sources */,
				847074071D756D7F00D6F90B /* Frameworks */,
				847074081D756D7F00D6F90B /* Resources */,
			);
			buildRules = (
			);
			dependencies = (
				8470740C1D756D7F00D6F90B /* PBXTargetDependency */,
			);
			name = SearchControllerDemoUITests;
			productName = SearchControllerDemoUITests;
			productReference = 8470740A1D756D7F00D6F90B /* SearchControllerDemoUITests.xctest */;
			productType = "com.apple.product-type.bundle.ui-testing";
		};
/* End PBXNativeTarget section */

/* Begin PBXProject section */
		847073DE1D756D7F00D6F90B /* Project object */ = {
			isa = PBXProject;
			attributes = {
				LastUpgradeCheck = 0730;
				ORGANIZATIONNAME = thomas;
				TargetAttributes = {
					847073E51D756D7F00D6F90B = {
						CreatedOnToolsVersion = 7.3.1;
					};
					847073FE1D756D7F00D6F90B = {
						CreatedOnToolsVersion = 7.3.1;
						TestTargetID = 847073E51D756D7F00D6F90B;
					};
					847074091D756D7F00D6F90B = {
						CreatedOnToolsVersion = 7.3.1;
						TestTargetID = 847073E51D756D7F00D6F90B;
					};
				};
			};
			buildConfigurationList = 847073E11D756D7F00D6F90B /* Build configuration list for PBXProject "SearchControllerDemo" */;
			compatibilityVersion = "Xcode 3.2";
			developmentRegion = English;
			hasScannedForEncodings = 0;
			knownRegions = (
				en,
				Base,
			);
			mainGroup = 847073DD1D756D7F00D6F90B;
			productRefGroup = 847073E71D756D7F00D6F90B /* Products */;
			projectDirPath = "";
			projectRoot = "";
			targets = (
				847073E51D756D7F00D6F90B /* SearchControllerDemo */,
				847073FE1D756D7F00D6F90B /* SearchControllerDemoTests */,
				847074091D756D7F00D6F90B /* SearchControllerDemoUITests */,
			);
		};
/* End PBXProject section */

/* Begin PBXResourcesBuildPhase section */
		847073E41D756D7F00D6F90B /* Resources */ = {
			isa = PBXResourcesBuildPhase;
			buildActionMask = 2147483647;
			files = (
				848FDFDA1D76736D005EB2A4 /* SearchView.xib in Resources */,
				848FDFD61D76736D005EB2A4 /* SearchResultTableViewCell.xib in Resources */,
				847073F91D756D7F00D6F90B /* LaunchScreen.storyboard in Resources */,
				847073F61D756D7F00D6F90B /* Assets.xcassets in Resources */,
				848FDFDF1D76797D005EB2A4 /* SearchTagHeadView.xib in Resources */,
				847073F41D756D7F00D6F90B /* Main.storyboard in Resources */,
				848FDFD81D76736D005EB2A4 /* SearchTagTableViewCell.xib in Resources */,
				848FDFD41D76736D005EB2A4 /* SearchDetailView.xib in Resources */,
				848FDFC11D767329005EB2A4 /* SearchDetailViewController.xib in Resources */,
			);
			runOnlyForDeploymentPostprocessing = 0;
		};
		847073FD1D756D7F00D6F90B /* Resources */ = {
			isa = PBXResourcesBuildPhase;
			buildActionMask = 2147483647;
			files = (
			);
			runOnlyForDeploymentPostprocessing = 0;
		};
		847074081D756D7F00D6F90B /* Resources */ = {
			isa = PBXResourcesBuildPhase;
			buildActionMask = 2147483647;
			files = (
			);
			runOnlyForDeploymentPostprocessing = 0;
		};
/* End PBXResourcesBuildPhase section */

/* Begin PBXSourcesBuildPhase section */
		847073E21D756D7F00D6F90B /* Sources */ = {
			isa = PBXSourcesBuildPhase;
			buildActionMask = 2147483647;
			files = (
				842FC9381D7974B900A0C3A4 /* SKTag.m in Sources */,
				848FDFD91D76736D005EB2A4 /* SearchView.m in Sources */,
				848FDFD51D76736D005EB2A4 /* SearchResultTableViewCell.m in Sources */,
				842FC93A1D7974B900A0C3A4 /* SKTagView.m in Sources */,
				847073EB1D756D7F00D6F90B /* main.m in Sources */,
				848FDFD71D76736D005EB2A4 /* SearchTagTableViewCell.m in Sources */,
				848FDFC51D767336005EB2A4 /* AppDelegate.m in Sources */,
				848FDFDD1D76796D005EB2A4 /* SearchTagHeadView.m in Sources */,
				842FC9391D7974B900A0C3A4 /* SKTagButton.m in Sources */,
				848FDFC21D767329005EB2A4 /* SearchViewController.m in Sources */,
				848FDFD31D76736D005EB2A4 /* SearchDetailView.m in Sources */,
				848FDFC01D767329005EB2A4 /* SearchDetailViewController.m in Sources */,
			);
			runOnlyForDeploymentPostprocessing = 0;
		};
		847073FB1D756D7F00D6F90B /* Sources */ = {
			isa = PBXSourcesBuildPhase;
			buildActionMask = 2147483647;
			files = (
				847074041D756D7F00D6F90B /* SearchControllerDemoTests.m in Sources */,
			);
			runOnlyForDeploymentPostprocessing = 0;
		};
		847074061D756D7F00D6F90B /* Sources */ = {
			isa = PBXSourcesBuildPhase;
			buildActionMask = 2147483647;
			files = (
				8470740F1D756D7F00D6F90B /* SearchControllerDemoUITests.m in Sources */,
			);
			runOnlyForDeploymentPostprocessing = 0;
		};
/* End PBXSourcesBuildPhase section */

/* Begin PBXTargetDependency section */
		847074011D756D7F00D6F90B /* PBXTargetDependency */ = {
			isa = PBXTargetDependency;
			target = 847073E51D756D7F00D6F90B /* SearchControllerDemo */;
			targetProxy = 847074001D756D7F00D6F90B /* PBXContainerItemProxy */;
		};
		8470740C1D756D7F00D6F90B /* PBXTargetDependency */ = {
			isa = PBXTargetDependency;
			target = 847073E51D756D7F00D6F90B /* SearchControllerDemo */;
			targetProxy = 8470740B1D756D7F00D6F90B /* PBXContainerItemProxy */;
		};
/* End PBXTargetDependency section */

/* Begin PBXVariantGroup section */
		847073F21D756D7F00D6F90B /* Main.storyboard */ = {
			isa = PBXVariantGroup;
			children = (
				847073F31D756D7F00D6F90B /* Base */,
			);
			name = Main.storyboard;
			path = ..;
			sourceTree = "<group>";
		};
		847073F71D756D7F00D6F90B /* LaunchScreen.storyboard */ = {
			isa = PBXVariantGroup;
			children = (
				847073F81D756D7F00D6F90B /* Base */,
			);
			name = LaunchScreen.storyboard;
			sourceTree = "<group>";
		};
/* End PBXVariantGroup section */

/* Begin XCBuildConfiguration section */
		847074111D756D7F00D6F90B /* Debug */ = {
			isa = XCBuildConfiguration;
			buildSettings = {
				ALWAYS_SEARCH_USER_PATHS = NO;
				CLANG_ANALYZER_NONNULL = YES;
				CLANG_CXX_LANGUAGE_STANDARD = "gnu++0x";
				CLANG_CXX_LIBRARY = "libc++";
				CLANG_ENABLE_MODULES = YES;
				CLANG_ENABLE_OBJC_ARC = YES;
				CLANG_WARN_BOOL_CONVERSION = YES;
				CLANG_WARN_CONSTANT_CONVERSION = YES;
				CLANG_WARN_DIRECT_OBJC_ISA_USAGE = YES_ERROR;
				CLANG_WARN_EMPTY_BODY = YES;
				CLANG_WARN_ENUM_CONVERSION = YES;
				CLANG_WARN_INT_CONVERSION = YES;
				CLANG_WARN_OBJC_ROOT_CLASS = YES_ERROR;
				CLANG_WARN_UNREACHABLE_CODE = YES;
				CLANG_WARN__DUPLICATE_METHOD_MATCH = YES;
				"CODE_SIGN_IDENTITY[sdk=iphoneos*]" = "iPhone Developer";
				COPY_PHASE_STRIP = NO;
				DEBUG_INFORMATION_FORMAT = dwarf;
				ENABLE_STRICT_OBJC_MSGSEND = YES;
				ENABLE_TESTABILITY = YES;
				GCC_C_LANGUAGE_STANDARD = gnu99;
				GCC_DYNAMIC_NO_PIC = NO;
				GCC_NO_COMMON_BLOCKS = YES;
				GCC_OPTIMIZATION_LEVEL = 0;
				GCC_PREPROCESSOR_DEFINITIONS = (
					"DEBUG=1",
					"$(inherited)",
				);
				GCC_WARN_64_TO_32_BIT_CONVERSION = YES;
				GCC_WARN_ABOUT_RETURN_TYPE = YES_ERROR;
				GCC_WARN_UNDECLARED_SELECTOR = YES;
				GCC_WARN_UNINITIALIZED_AUTOS = YES_AGGRESSIVE;
				GCC_WARN_UNUSED_FUNCTION = YES;
				GCC_WARN_UNUSED_VARIABLE = YES;
				IPHONEOS_DEPLOYMENT_TARGET = 9.3;
				MTL_ENABLE_DEBUG_INFO = YES;
				ONLY_ACTIVE_ARCH = YES;
				SDKROOT = iphoneos;
				TARGETED_DEVICE_FAMILY = "1,2";
			};
			name = Debug;
		};
		847074121D756D7F00D6F90B /* Release */ = {
			isa = XCBuildConfiguration;
			buildSettings = {
				ALWAYS_SEARCH_USER_PATHS = NO;
				CLANG_ANALYZER_NONNULL = YES;
				CLANG_CXX_LANGUAGE_STANDARD = "gnu++0x";
				CLANG_CXX_LIBRARY = "libc++";
				CLANG_ENABLE_MODULES = YES;
				CLANG_ENABLE_OBJC_ARC = YES;
				CLANG_WARN_BOOL_CONVERSION = YES;
				CLANG_WARN_CONSTANT_CONVERSION = YES;
				CLANG_WARN_DIRECT_OBJC_ISA_USAGE = YES_ERROR;
				CLANG_WARN_EMPTY_BODY = YES;
				CLANG_WARN_ENUM_CONVERSION = YES;
				CLANG_WARN_INT_CONVERSION = YES;
				CLANG_WARN_OBJC_ROOT_CLASS = YES_ERROR;
				CLANG_WARN_UNREACHABLE_CODE = YES;
				CLANG_WARN__DUPLICATE_METHOD_MATCH = YES;
				"CODE_SIGN_IDENTITY[sdk=iphoneos*]" = "iPhone Developer";
				COPY_PHASE_STRIP = NO;
				DEBUG_INFORMATION_FORMAT = "dwarf-with-dsym";
				ENABLE_NS_ASSERTIONS = NO;
				ENABLE_STRICT_OBJC_MSGSEND = YES;
				GCC_C_LANGUAGE_STANDARD = gnu99;
				GCC_NO_COMMON_BLOCKS = YES;
				GCC_WARN_64_TO_32_BIT_CONVERSION = YES;
				GCC_WARN_ABOUT_RETURN_TYPE = YES_ERROR;
				GCC_WARN_UNDECLARED_SELECTOR = YES;
				GCC_WARN_UNINITIALIZED_AUTOS = YES_AGGRESSIVE;
				GCC_WARN_UNUSED_FUNCTION = YES;
				GCC_WARN_UNUSED_VARIABLE = YES;
				IPHONEOS_DEPLOYMENT_TARGET = 9.3;
				MTL_ENABLE_DEBUG_INFO = NO;
				SDKROOT = iphoneos;
				TARGETED_DEVICE_FAMILY = "1,2";
				VALIDATE_PRODUCT = YES;
			};
			name = Release;
		};
		847074141D756D7F00D6F90B /* Debug */ = {
			isa = XCBuildConfiguration;
			buildSettings = {
				ASSETCATALOG_COMPILER_APPICON_NAME = AppIcon;
				INFOPLIST_FILE = SearchControllerDemo/Info.plist;
				IPHONEOS_DEPLOYMENT_TARGET = 8.0;
				LD_RUNPATH_SEARCH_PATHS = "$(inherited) @executable_path/Frameworks";
				PRODUCT_BUNDLE_IDENTIFIER = thomas.SearchControllerDemo;
				PRODUCT_NAME = "$(TARGET_NAME)";
			};
			name = Debug;
		};
		847074151D756D7F00D6F90B /* Release */ = {
			isa = XCBuildConfiguration;
			buildSettings = {
				ASSETCATALOG_COMPILER_APPICON_NAME = AppIcon;
				INFOPLIST_FILE = SearchControllerDemo/Info.plist;
				IPHONEOS_DEPLOYMENT_TARGET = 8.0;
				LD_RUNPATH_SEARCH_PATHS = "$(inherited) @executable_path/Frameworks";
				PRODUCT_BUNDLE_IDENTIFIER = thomas.SearchControllerDemo;
				PRODUCT_NAME = "$(TARGET_NAME)";
			};
			name = Release;
		};
		847074171D756D7F00D6F90B /* Debug */ = {
			isa = XCBuildConfiguration;
			buildSettings = {
				BUNDLE_LOADER = "$(TEST_HOST)";
				INFOPLIST_FILE = SearchControllerDemoTests/Info.plist;
				LD_RUNPATH_SEARCH_PATHS = "$(inherited) @executable_path/Frameworks @loader_path/Frameworks";
				PRODUCT_BUNDLE_IDENTIFIER = thomas.SearchControllerDemoTests;
				PRODUCT_NAME = "$(TARGET_NAME)";
				TEST_HOST = "$(BUILT_PRODUCTS_DIR)/SearchControllerDemo.app/SearchControllerDemo";
			};
			name = Debug;
		};
		847074181D756D7F00D6F90B /* Release */ = {
			isa = XCBuildConfiguration;
			buildSettings = {
				BUNDLE_LOADER = "$(TEST_HOST)";
				INFOPLIST_FILE = SearchControllerDemoTests/Info.plist;
				LD_RUNPATH_SEARCH_PATHS = "$(inherited) @executable_path/Frameworks @loader_path/Frameworks";
				PRODUCT_BUNDLE_IDENTIFIER = thomas.SearchControllerDemoTests;
				PRODUCT_NAME = "$(TARGET_NAME)";
				TEST_HOST = "$(BUILT_PRODUCTS_DIR)/SearchControllerDemo.app/SearchControllerDemo";
			};
			name = Release;
		};
		8470741A1D756D7F00D6F90B /* Debug */ = {
			isa = XCBuildConfiguration;
			buildSettings = {
				INFOPLIST_FILE = SearchControllerDemoUITests/Info.plist;
				LD_RUNPATH_SEARCH_PATHS = "$(inherited) @executable_path/Frameworks @loader_path/Frameworks";
				PRODUCT_BUNDLE_IDENTIFIER = thomas.SearchControllerDemoUITests;
				PRODUCT_NAME = "$(TARGET_NAME)";
				TEST_TARGET_NAME = SearchControllerDemo;
			};
			name = Debug;
		};
		8470741B1D756D7F00D6F90B /* Release */ = {
			isa = XCBuildConfiguration;
			buildSettings = {
				INFOPLIST_FILE = SearchControllerDemoUITests/Info.plist;
				LD_RUNPATH_SEARCH_PATHS = "$(inherited) @executable_path/Frameworks @loader_path/Frameworks";
				PRODUCT_BUNDLE_IDENTIFIER = thomas.SearchControllerDemoUITests;
				PRODUCT_NAME = "$(TARGET_NAME)";
				TEST_TARGET_NAME = SearchControllerDemo;
			};
			name = Release;
		};
/* End XCBuildConfiguration section */

/* Begin XCConfigurationList section */
		847073E11D756D7F00D6F90B /* Build configuration list for PBXProject "SearchControllerDemo" */ = {
			isa = XCConfigurationList;
			buildConfigurations = (
				847074111D756D7F00D6F90B /* Debug */,
				847074121D756D7F00D6F90B /* Release */,
			);
			defaultConfigurationIsVisible = 0;
			defaultConfigurationName = Release;
		};
		847074131D756D7F00D6F90B /* Build configuration list for PBXNativeTarget "SearchControllerDemo" */ = {
			isa = XCConfigurationList;
			buildConfigurations = (
				847074141D756D7F00D6F90B /* Debug */,
				847074151D756D7F00D6F90B /* Release */,
			);
			defaultConfigurationIsVisible = 0;
			defaultConfigurationName = Release;
		};
		847074161D756D7F00D6F90B /* Build configuration list for PBXNativeTarget "SearchControllerDemoTests" */ = {
			isa = XCConfigurationList;
			buildConfigurations = (
				847074171D756D7F00D6F90B /* Debug */,
				847074181D756D7F00D6F90B /* Release */,
			);
			defaultConfigurationIsVisible = 0;
			defaultConfigurationName = Release;
		};
		847074191D756D7F00D6F90B /* Build configuration list for PBXNativeTarget "SearchControllerDemoUITests" */ = {
			isa = XCConfigurationList;
			buildConfigurations = (
				8470741A1D756D7F00D6F90B /* Debug */,
				8470741B1D756D7F00D6F90B /* Release */,
			);
			defaultConfigurationIsVisible = 0;
			defaultConfigurationName = Release;
		};
/* End XCConfigurationList section */
	};
	rootObject = 847073DE1D756D7F00D6F90B /* Project object */;
}
